
Microsoft Visual Studio Solution File, Format Version 12.00
# Visual Studio 15
VisualStudioVersion = 15.0.27130.0
MinimumVisualStudioVersion = 10.0.40219.1
Project("{FAE04EC0-301F-11D3-BF4B-00C04F79EFBC}") = "KeyCode Viewer", "KeyCode Viewer\KeyCode Viewer.csproj", "{EA2DDD5F-55FA-43A6-A85A-9EE262B1D02E}"
EndProject
Global
	GlobalSection(SolutionConfigurationPlatforms) = preSolution
		Debug|Any CPU = Debug|Any CPU
		Release|Any CPU = Release|Any CPU
	EndGlobalSection
	GlobalSection(ProjectConfigurationPlatforms) = postSolution
		{EA2DDD5F-55FA-43A6-A85A-9EE262B1D02E}.Debug|Any CPU.ActiveCfg = Debug|Any CPU
		{EA2DDD5F-55FA-43A6-A85A-9EE262B1D02E}.Debug|Any CPU.Build.0 = Debug|Any CPU
		{EA2DDD5F-55FA-43A6-A85A-9EE262B1D02E}.Release|Any CPU.ActiveCfg = Release|Any CPU
		{EA2DDD5F-55FA-43A6-A85A-9EE262B1D02E}.Release|Any CPU.Build.0 = Release|Any CPU
	EndGlobalSection
	GlobalSection(SolutionProperties) = preSolution
		HideSolutionNode = FALSE
	EndGlobalSection
	GlobalSection(ExtensibilityGlobals) = postSolution
		SolutionGuid = {D63344FC-D84C-4829-B3FF-8DB62B17D6F5}
	EndGlobalSection
EndGlobal
